
Microsoft Visual Studio Solution File, Format Version 12.00
# Visual Studio 14
VisualStudioVersion = 14.0.25123.0
MinimumVisualStudioVersion = 10.0.40219.1
Project("{FAE04EC0-301F-11D3-BF4B-00C04F79EFBC}") = "DigitalXMVC", "DigitalXMVC\DigitalXMVC.csproj", "{93900F83-4B19-46F2-B92F-FD02F75B5C39}"
	ProjectSection(ProjectDependencies) = postProject
		{956DF66E-8E72-4AB0-B48B-639AD9A4F103} = {956DF66E-8E72-4AB0-B48B-639AD9A4F103}
	EndProjectSection
EndProject
Project("{FAE04EC0-301F-11D3-BF4B-00C04F79EFBC}") = "DigitalXData", "DigitalXData\DigitalXData.csproj", "{0127A2E4-77F7-46FB-BEBB-CBFFC1A94DF4}"
EndProject
Project("{FAE04EC0-301F-11D3-BF4B-00C04F79EFBC}") = "AuthService", "AuthService\AuthService.csproj", "{956DF66E-8E72-4AB0-B48B-639AD9A4F103}"
	ProjectSection(ProjectDependencies) = postProject
		{0127A2E4-77F7-46FB-BEBB-CBFFC1A94DF4} = {0127A2E4-77F7-46FB-BEBB-CBFFC1A94DF4}
	EndProjectSection
EndProject
Project("{FAE04EC0-301F-11D3-BF4B-00C04F79EFBC}") = "DigitalXDataAccess", "DigitalXDataAccess\DigitalXDataAccess.csproj", "{5C6E9C85-588E-4795-ADD2-F8567BA35006}"
EndProject
Global
	GlobalSection(SolutionConfigurationPlatforms) = preSolution
		Debug|Any CPU = Debug|Any CPU
		Release|Any CPU = Release|Any CPU
	EndGlobalSection
	GlobalSection(ProjectConfigurationPlatforms) = postSolution
		{93900F83-4B19-46F2-B92F-FD02F75B5C39}.Debug|Any CPU.ActiveCfg = Debug|Any CPU
		{93900F83-4B19-46F2-B92F-FD02F75B5C39}.Debug|Any CPU.Build.0 = Debug|Any CPU
		{93900F83-4B19-46F2-B92F-FD02F75B5C39}.Release|Any CPU.ActiveCfg = Release|Any CPU
		{93900F83-4B19-46F2-B92F-FD02F75B5C39}.Release|Any CPU.Build.0 = Release|Any CPU
		{0127A2E4-77F7-46FB-BEBB-CBFFC1A94DF4}.Debug|Any CPU.ActiveCfg = Debug|Any CPU
		{0127A2E4-77F7-46FB-BEBB-CBFFC1A94DF4}.Debug|Any CPU.Build.0 = Debug|Any CPU
		{0127A2E4-77F7-46FB-BEBB-CBFFC1A94DF4}.Release|Any CPU.ActiveCfg = Release|Any CPU
		{0127A2E4-77F7-46FB-BEBB-CBFFC1A94DF4}.Release|Any CPU.Build.0 = Release|Any CPU
		{956DF66E-8E72-4AB0-B48B-639AD9A4F103}.Debug|Any CPU.ActiveCfg = Debug|Any CPU
		{956DF66E-8E72-4AB0-B48B-639AD9A4F103}.Debug|Any CPU.Build.0 = Debug|Any CPU
		{956DF66E-8E72-4AB0-B48B-639AD9A4F103}.Release|Any CPU.ActiveCfg = Release|Any CPU
		{956DF66E-8E72-4AB0-B48B-639AD9A4F103}.Release|Any CPU.Build.0 = Release|Any CPU
		{5C6E9C85-588E-4795-ADD2-F8567BA35006}.Debug|Any CPU.ActiveCfg = Debug|Any CPU
		{5C6E9C85-588E-4795-ADD2-F8567BA35006}.Debug|Any CPU.Build.0 = Debug|Any CPU
		{5C6E9C85-588E-4795-ADD2-F8567BA35006}.Release|Any CPU.ActiveCfg = Release|Any CPU
		{5C6E9C85-588E-4795-ADD2-F8567BA35006}.Release|Any CPU.Build.0 = Release|Any CPU
	EndGlobalSection
	GlobalSection(SolutionProperties) = preSolution
		HideSolutionNode = FALSE
	EndGlobalSection
EndGlobal
